
Microsoft Visual Studio Solution File, Format Version 12.00
# Visual Studio Version 16
VisualStudioVersion = 16.0.31702.278
MinimumVisualStudioVersion = 10.0.40219.1
Project("{FAE04EC0-301F-11D3-BF4B-00C04F79EFBC}") = "TestingWebApp", "TestingWebApp\TestingWebApp.csproj", "{7F1C299B-2405-4A65-BFFB-0DDB334C0941}"
EndProject
Global
	GlobalSection(SolutionConfigurationPlatforms) = preSolution
		Debug|Any CPU = Debug|Any CPU
		Release|Any CPU = Release|Any CPU
	EndGlobalSection
	GlobalSection(ProjectConfigurationPlatforms) = postSolution
		{7F1C299B-2405-4A65-BFFB-0DDB334C0941}.Debug|Any CPU.ActiveCfg = Debug|Any CPU
		{7F1C299B-2405-4A65-BFFB-0DDB334C0941}.Debug|Any CPU.Build.0 = Debug|Any CPU
		{7F1C299B-2405-4A65-BFFB-0DDB334C0941}.Release|Any CPU.ActiveCfg = Release|Any CPU
		{7F1C299B-2405-4A65-BFFB-0DDB334C0941}.Release|Any CPU.Build.0 = Release|Any CPU
	EndGlobalSection
	GlobalSection(SolutionProperties) = preSolution
		HideSolutionNode = FALSE
	EndGlobalSection
	GlobalSection(ExtensibilityGlobals) = postSolution
		SolutionGuid = {B683AD73-6E76-43CC-A2D4-627341FC757A}
	EndGlobalSection
EndGlobal
